
Microsoft Visual Studio Solution File, Format Version 12.00
# Visual Studio 15
VisualStudioVersion = 15.0.28010.2016
MinimumVisualStudioVersion = 10.0.40219.1
Project("{FAE04EC0-301F-11D3-BF4B-00C04F79EFBC}") = "Traveler", "Traveler\Traveler.csproj", "{FEDE55E2-35F8-4764-8DD2-D779D0AC48CC}"
EndProject
Project("{FAE04EC0-301F-11D3-BF4B-00C04F79EFBC}") = "Traveler.Tests", "TravelerTest\Traveler.Tests.csproj", "{0FC15728-8B91-400F-ABC3-67F660D3C76E}"
EndProject
Global
	GlobalSection(SolutionConfigurationPlatforms) = preSolution
		Debug|Any CPU = Debug|Any CPU
		Release|Any CPU = Release|Any CPU
	EndGlobalSection
	GlobalSection(ProjectConfigurationPlatforms) = postSolution
		{FEDE55E2-35F8-4764-8DD2-D779D0AC48CC}.Debug|Any CPU.ActiveCfg = Debug|Any CPU
		{FEDE55E2-35F8-4764-8DD2-D779D0AC48CC}.Debug|Any CPU.Build.0 = Debug|Any CPU
		{FEDE55E2-35F8-4764-8DD2-D779D0AC48CC}.Release|Any CPU.ActiveCfg = Release|Any CPU
		{FEDE55E2-35F8-4764-8DD2-D779D0AC48CC}.Release|Any CPU.Build.0 = Release|Any CPU
		{0FC15728-8B91-400F-ABC3-67F660D3C76E}.Debug|Any CPU.ActiveCfg = Debug|Any CPU
		{0FC15728-8B91-400F-ABC3-67F660D3C76E}.Debug|Any CPU.Build.0 = Debug|Any CPU
		{0FC15728-8B91-400F-ABC3-67F660D3C76E}.Release|Any CPU.ActiveCfg = Release|Any CPU
		{0FC15728-8B91-400F-ABC3-67F660D3C76E}.Release|Any CPU.Build.0 = Release|Any CPU
	EndGlobalSection
	GlobalSection(SolutionProperties) = preSolution
		HideSolutionNode = FALSE
	EndGlobalSection
	GlobalSection(ExtensibilityGlobals) = postSolution
		SolutionGuid = {6C274BD6-6106-4A12-84D1-194B7394042A}
	EndGlobalSection
EndGlobal
